
Microsoft Visual Studio Solution File, Format Version 12.00
# Visual Studio 15
VisualStudioVersion = 15.0.28307.705
MinimumVisualStudioVersion = 10.0.40219.1
Project("{FAE04EC0-301F-11D3-BF4B-00C04F79EFBC}") = "C3Spectra.APPositioningApp.Web", "C3Spectra.APPositioningApp\C3Spectra.APPositioningApp.Web.csproj", "{8A15710D-2036-4587-AC08-BB1813BE303A}"
EndProject
Project("{FAE04EC0-301F-11D3-BF4B-00C04F79EFBC}") = "C3Spectra.APPositioningApp.DAL", "C3Spectra.APPositioningApp.DAL\C3Spectra.APPositioningApp.DAL.csproj", "{9952FE47-463A-4866-A446-881F78EB99E7}"
EndProject
Project("{FAE04EC0-301F-11D3-BF4B-00C04F79EFBC}") = "C3Spectra.APPositioningApp.Common", "C3Spectra.APPositioningApp.Common\C3Spectra.APPositioningApp.Common.csproj", "{2BA5E57D-AAE6-4FEF-880F-AB3648D0869F}"
EndProject
Project("{FAE04EC0-301F-11D3-BF4B-00C04F79EFBC}") = "C3Spectra.APPositioningApp.Entity", "C3Spectra.APPositioningApp.Entity\C3Spectra.APPositioningApp.Entity.csproj", "{2B8CB3F5-97AA-4A17-9BBE-CAB952A95F97}"
EndProject
Project("{FAE04EC0-301F-11D3-BF4B-00C04F79EFBC}") = "C3Spectra.APPositioningApp.BAL", "C3Spectra.APPositioningApp.BAL\C3Spectra.APPositioningApp.BAL.csproj", "{32CB23A1-7737-4912-9808-2DF47C1FF159}"
EndProject
Global
	GlobalSection(SolutionConfigurationPlatforms) = preSolution
		Debug|Any CPU = Debug|Any CPU
		Release|Any CPU = Release|Any CPU
	EndGlobalSection
	GlobalSection(ProjectConfigurationPlatforms) = postSolution
		{8A15710D-2036-4587-AC08-BB1813BE303A}.Debug|Any CPU.ActiveCfg = Debug|Any CPU
		{8A15710D-2036-4587-AC08-BB1813BE303A}.Debug|Any CPU.Build.0 = Debug|Any CPU
		{8A15710D-2036-4587-AC08-BB1813BE303A}.Release|Any CPU.ActiveCfg = Release|Any CPU
		{8A15710D-2036-4587-AC08-BB1813BE303A}.Release|Any CPU.Build.0 = Release|Any CPU
		{9952FE47-463A-4866-A446-881F78EB99E7}.Debug|Any CPU.ActiveCfg = Debug|Any CPU
		{9952FE47-463A-4866-A446-881F78EB99E7}.Debug|Any CPU.Build.0 = Debug|Any CPU
		{9952FE47-463A-4866-A446-881F78EB99E7}.Release|Any CPU.ActiveCfg = Release|Any CPU
		{9952FE47-463A-4866-A446-881F78EB99E7}.Release|Any CPU.Build.0 = Release|Any CPU
		{2BA5E57D-AAE6-4FEF-880F-AB3648D0869F}.Debug|Any CPU.ActiveCfg = Debug|Any CPU
		{2BA5E57D-AAE6-4FEF-880F-AB3648D0869F}.Debug|Any CPU.Build.0 = Debug|Any CPU
		{2BA5E57D-AAE6-4FEF-880F-AB3648D0869F}.Release|Any CPU.ActiveCfg = Release|Any CPU
		{2BA5E57D-AAE6-4FEF-880F-AB3648D0869F}.Release|Any CPU.Build.0 = Release|Any CPU
		{2B8CB3F5-97AA-4A17-9BBE-CAB952A95F97}.Debug|Any CPU.ActiveCfg = Debug|Any CPU
		{2B8CB3F5-97AA-4A17-9BBE-CAB952A95F97}.Debug|Any CPU.Build.0 = Debug|Any CPU
		{2B8CB3F5-97AA-4A17-9BBE-CAB952A95F97}.Release|Any CPU.ActiveCfg = Release|Any CPU
		{2B8CB3F5-97AA-4A17-9BBE-CAB952A95F97}.Release|Any CPU.Build.0 = Release|Any CPU
		{32CB23A1-7737-4912-9808-2DF47C1FF159}.Debug|Any CPU.ActiveCfg = Debug|Any CPU
		{32CB23A1-7737-4912-9808-2DF47C1FF159}.Debug|Any CPU.Build.0 = Debug|Any CPU
		{32CB23A1-7737-4912-9808-2DF47C1FF159}.Release|Any CPU.ActiveCfg = Release|Any CPU
		{32CB23A1-7737-4912-9808-2DF47C1FF159}.Release|Any CPU.Build.0 = Release|Any CPU
	EndGlobalSection
	GlobalSection(SolutionProperties) = preSolution
		HideSolutionNode = FALSE
	EndGlobalSection
	GlobalSection(ExtensibilityGlobals) = postSolution
		SolutionGuid = {DDD68800-1308-4B2A-BBC8-4120174B07A1}
	EndGlobalSection
EndGlobal
